
Microsoft Visual Studio Solution File, Format Version 12.00
# Visual Studio Version 17
VisualStudioVersion = 17.10.35013.160
MinimumVisualStudioVersion = 10.0.40219.1
Project("{9A19103F-16F7-4668-BE54-9A1E7A4F7556}") = "WebAuction", "WebAuction.csproj", "{4191BD79-3E4B-4C39-A315-3800294CFD72}"
	ProjectSection(ProjectDependencies) = postProject
		{25AE45E6-CED2-4E0A-990D-A556C4086D2B} = {25AE45E6-CED2-4E0A-990D-A556C4086D2B}
		{B1614997-19DE-460D-B754-4D86B61403E8} = {B1614997-19DE-460D-B754-4D86B61403E8}
	EndProjectSection
EndProject
Project("{9A19103F-16F7-4668-BE54-9A1E7A4F7556}") = "Core", "..\Core\Core.csproj", "{25AE45E6-CED2-4E0A-990D-A556C4086D2B}"
EndProject
Project("{9A19103F-16F7-4668-BE54-9A1E7A4F7556}") = "Data", "..\Data\Data.csproj", "{B1614997-19DE-460D-B754-4D86B61403E8}"
EndProject
Global
	GlobalSection(SolutionConfigurationPlatforms) = preSolution
		Debug|Any CPU = Debug|Any CPU
		Release|Any CPU = Release|Any CPU
	EndGlobalSection
	GlobalSection(ProjectConfigurationPlatforms) = postSolution
		{4191BD79-3E4B-4C39-A315-3800294CFD72}.Debug|Any CPU.ActiveCfg = Debug|Any CPU
		{4191BD79-3E4B-4C39-A315-3800294CFD72}.Debug|Any CPU.Build.0 = Debug|Any CPU
		{4191BD79-3E4B-4C39-A315-3800294CFD72}.Release|Any CPU.ActiveCfg = Release|Any CPU
		{4191BD79-3E4B-4C39-A315-3800294CFD72}.Release|Any CPU.Build.0 = Release|Any CPU
		{25AE45E6-CED2-4E0A-990D-A556C4086D2B}.Debug|Any CPU.ActiveCfg = Debug|Any CPU
		{25AE45E6-CED2-4E0A-990D-A556C4086D2B}.Debug|Any CPU.Build.0 = Debug|Any CPU
		{25AE45E6-CED2-4E0A-990D-A556C4086D2B}.Release|Any CPU.ActiveCfg = Release|Any CPU
		{25AE45E6-CED2-4E0A-990D-A556C4086D2B}.Release|Any CPU.Build.0 = Release|Any CPU
		{B1614997-19DE-460D-B754-4D86B61403E8}.Debug|Any CPU.ActiveCfg = Debug|Any CPU
		{B1614997-19DE-460D-B754-4D86B61403E8}.Debug|Any CPU.Build.0 = Debug|Any CPU
		{B1614997-19DE-460D-B754-4D86B61403E8}.Release|Any CPU.ActiveCfg = Release|Any CPU
		{B1614997-19DE-460D-B754-4D86B61403E8}.Release|Any CPU.Build.0 = Release|Any CPU
	EndGlobalSection
	GlobalSection(SolutionProperties) = preSolution
		HideSolutionNode = FALSE
	EndGlobalSection
	GlobalSection(ExtensibilityGlobals) = postSolution
		SolutionGuid = {A9A890A8-89E1-4F18-A2C0-9D1776CD5E31}
	EndGlobalSection
EndGlobal
